
Microsoft Visual Studio Solution File, Format Version 12.00
# Visual Studio 15
VisualStudioVersion = 15.0.27004.2010
MinimumVisualStudioVersion = 10.0.40219.1
Project("{FAE04EC0-301F-11D3-BF4B-00C04F79EFBC}") = "NewsApp.Android", "NewsApp\NewsApp.Android\NewsApp.Android.csproj", "{B82B94EC-F58A-4899-82DF-B6AF70E2006E}"
EndProject
Project("{FAE04EC0-301F-11D3-BF4B-00C04F79EFBC}") = "NewsApp", "NewsApp\NewsApp\NewsApp.csproj", "{0CA7EE73-5453-4BEF-AE6B-A4C8589709D3}"
EndProject
Project("{FAE04EC0-301F-11D3-BF4B-00C04F79EFBC}") = "NewsApp.iOS", "NewsApp\NewsApp.iOS\NewsApp.iOS.csproj", "{E35F38C8-8E10-4F46-8AD6-0D595EA97998}"
EndProject
Global
	GlobalSection(SolutionConfigurationPlatforms) = preSolution
		Ad-Hoc|Any CPU = Ad-Hoc|Any CPU
		Ad-Hoc|iPhone = Ad-Hoc|iPhone
		Ad-Hoc|iPhoneSimulator = Ad-Hoc|iPhoneSimulator
		AppStore|Any CPU = AppStore|Any CPU
		AppStore|iPhone = AppStore|iPhone
		AppStore|iPhoneSimulator = AppStore|iPhoneSimulator
		Debug|Any CPU = Debug|Any CPU
		Debug|iPhone = Debug|iPhone
		Debug|iPhoneSimulator = Debug|iPhoneSimulator
		Release|Any CPU = Release|Any CPU
		Release|iPhone = Release|iPhone
		Release|iPhoneSimulator = Release|iPhoneSimulator
	EndGlobalSection
	GlobalSection(ProjectConfigurationPlatforms) = postSolution
		{B82B94EC-F58A-4899-82DF-B6AF70E2006E}.Ad-Hoc|Any CPU.ActiveCfg = Release|Any CPU
		{B82B94EC-F58A-4899-82DF-B6AF70E2006E}.Ad-Hoc|Any CPU.Build.0 = Release|Any CPU
		{B82B94EC-F58A-4899-82DF-B6AF70E2006E}.Ad-Hoc|Any CPU.Deploy.0 = Release|Any CPU
		{B82B94EC-F58A-4899-82DF-B6AF70E2006E}.Ad-Hoc|iPhone.ActiveCfg = Release|Any CPU
		{B82B94EC-F58A-4899-82DF-B6AF70E2006E}.Ad-Hoc|iPhone.Build.0 = Release|Any CPU
		{B82B94EC-F58A-4899-82DF-B6AF70E2006E}.Ad-Hoc|iPhone.Deploy.0 = Release|Any CPU
		{B82B94EC-F58A-4899-82DF-B6AF70E2006E}.Ad-Hoc|iPhoneSimulator.ActiveCfg = Release|Any CPU
		{B82B94EC-F58A-4899-82DF-B6AF70E2006E}.Ad-Hoc|iPhoneSimulator.Build.0 = Release|Any CPU
		{B82B94EC-F58A-4899-82DF-B6AF70E2006E}.Ad-Hoc|iPhoneSimulator.Deploy.0 = Release|Any CPU
		{B82B94EC-F58A-4899-82DF-B6AF70E2006E}.AppStore|Any CPU.ActiveCfg = Release|Any CPU
		{B82B94EC-F58A-4899-82DF-B6AF70E2006E}.AppStore|Any CPU.Build.0 = Release|Any CPU
		{B82B94EC-F58A-4899-82DF-B6AF70E2006E}.AppStore|Any CPU.Deploy.0 = Release|Any CPU
		{B82B94EC-F58A-4899-82DF-B6AF70E2006E}.AppStore|iPhone.ActiveCfg = Release|Any CPU
		{B82B94EC-F58A-4899-82DF-B6AF70E2006E}.AppStore|iPhone.Build.0 = Release|Any CPU
		{B82B94EC-F58A-4899-82DF-B6AF70E2006E}.AppStore|iPhone.Deploy.0 = Release|Any CPU
		{B82B94EC-F58A-4899-82DF-B6AF70E2006E}.AppStore|iPhoneSimulator.ActiveCfg = Release|Any CPU
		{B82B94EC-F58A-4899-82DF-B6AF70E2006E}.AppStore|iPhoneSimulator.Build.0 = Release|Any CPU
		{B82B94EC-F58A-4899-82DF-B6AF70E2006E}.AppStore|iPhoneSimulator.Deploy.0 = Release|Any CPU
		{B82B94EC-F58A-4899-82DF-B6AF70E2006E}.Debug|Any CPU.ActiveCfg = Debug|Any CPU
		{B82B94EC-F58A-4899-82DF-B6AF70E2006E}.Debug|Any CPU.Build.0 = Debug|Any CPU
		{B82B94EC-F58A-4899-82DF-B6AF70E2006E}.Debug|Any CPU.Deploy.0 = Debug|Any CPU
		{B82B94EC-F58A-4899-82DF-B6AF70E2006E}.Debug|iPhone.ActiveCfg = Debug|Any CPU
		{B82B94EC-F58A-4899-82DF-B6AF70E2006E}.Debug|iPhone.Build.0 = Debug|Any CPU
		{B82B94EC-F58A-4899-82DF-B6AF70E2006E}.Debug|iPhone.Deploy.0 = Debug|Any CPU
		{B82B94EC-F58A-4899-82DF-B6AF70E2006E}.Debug|iPhoneSimulator.ActiveCfg = Debug|Any CPU
		{B82B94EC-F58A-4899-82DF-B6AF70E2006E}.Debug|iPhoneSimulator.Build.0 = Debug|Any CPU
		{B82B94EC-F58A-4899-82DF-B6AF70E2006E}.Debug|iPhoneSimulator.Deploy.0 = Debug|Any CPU
		{B82B94EC-F58A-4899-82DF-B6AF70E2006E}.Release|Any CPU.ActiveCfg = Release|Any CPU
		{B82B94EC-F58A-4899-82DF-B6AF70E2006E}.Release|Any CPU.Build.0 = Release|Any CPU
		{B82B94EC-F58A-4899-82DF-B6AF70E2006E}.Release|Any CPU.Deploy.0 = Release|Any CPU
		{B82B94EC-F58A-4899-82DF-B6AF70E2006E}.Release|iPhone.ActiveCfg = Release|Any CPU
		{B82B94EC-F58A-4899-82DF-B6AF70E2006E}.Release|iPhone.Build.0 = Release|Any CPU
		{B82B94EC-F58A-4899-82DF-B6AF70E2006E}.Release|iPhone.Deploy.0 = Release|Any CPU
		{B82B94EC-F58A-4899-82DF-B6AF70E2006E}.Release|iPhoneSimulator.ActiveCfg = Release|Any CPU
		{B82B94EC-F58A-4899-82DF-B6AF70E2006E}.Release|iPhoneSimulator.Build.0 = Release|Any CPU
		{B82B94EC-F58A-4899-82DF-B6AF70E2006E}.Release|iPhoneSimulator.Deploy.0 = Release|Any CPU
		{0CA7EE73-5453-4BEF-AE6B-A4C8589709D3}.Ad-Hoc|Any CPU.ActiveCfg = Release|Any CPU
		{0CA7EE73-5453-4BEF-AE6B-A4C8589709D3}.Ad-Hoc|Any CPU.Build.0 = Release|Any CPU
		{0CA7EE73-5453-4BEF-AE6B-A4C8589709D3}.Ad-Hoc|iPhone.ActiveCfg = Release|Any CPU
		{0CA7EE73-5453-4BEF-AE6B-A4C8589709D3}.Ad-Hoc|iPhone.Build.0 = Release|Any CPU
		{0CA7EE73-5453-4BEF-AE6B-A4C8589709D3}.Ad-Hoc|iPhoneSimulator.ActiveCfg = Release|Any CPU
		{0CA7EE73-5453-4BEF-AE6B-A4C8589709D3}.Ad-Hoc|iPhoneSimulator.Build.0 = Release|Any CPU
		{0CA7EE73-5453-4BEF-AE6B-A4C8589709D3}.AppStore|Any CPU.ActiveCfg = Release|Any CPU
		{0CA7EE73-5453-4BEF-AE6B-A4C8589709D3}.AppStore|Any CPU.Build.0 = Release|Any CPU
		{0CA7EE73-5453-4BEF-AE6B-A4C8589709D3}.AppStore|iPhone.ActiveCfg = Release|Any CPU
		{0CA7EE73-5453-4BEF-AE6B-A4C8589709D3}.AppStore|iPhone.Build.0 = Release|Any CPU
		{0CA7EE73-5453-4BEF-AE6B-A4C8589709D3}.AppStore|iPhoneSimulator.ActiveCfg = Release|Any CPU
		{0CA7EE73-5453-4BEF-AE6B-A4C8589709D3}.AppStore|iPhoneSimulator.Build.0 = Release|Any CPU
		{0CA7EE73-5453-4BEF-AE6B-A4C8589709D3}.Debug|Any CPU.ActiveCfg = Debug|Any CPU
		{0CA7EE73-5453-4BEF-AE6B-A4C8589709D3}.Debug|Any CPU.Build.0 = Debug|Any CPU
		{0CA7EE73-5453-4BEF-AE6B-A4C8589709D3}.Debug|iPhone.ActiveCfg = Debug|Any CPU
		{0CA7EE73-5453-4BEF-AE6B-A4C8589709D3}.Debug|iPhone.Build.0 = Debug|Any CPU
		{0CA7EE73-5453-4BEF-AE6B-A4C8589709D3}.Debug|iPhoneSimulator.ActiveCfg = Debug|Any CPU
		{0CA7EE73-5453-4BEF-AE6B-A4C8589709D3}.Debug|iPhoneSimulator.Build.0 = Debug|Any CPU
		{0CA7EE73-5453-4BEF-AE6B-A4C8589709D3}.Release|Any CPU.ActiveCfg = Release|Any CPU
		{0CA7EE73-5453-4BEF-AE6B-A4C8589709D3}.Release|Any CPU.Build.0 = Release|Any CPU
		{0CA7EE73-5453-4BEF-AE6B-A4C8589709D3}.Release|iPhone.ActiveCfg = Release|Any CPU
		{0CA7EE73-5453-4BEF-AE6B-A4C8589709D3}.Release|iPhone.Build.0 = Release|Any CPU
		{0CA7EE73-5453-4BEF-AE6B-A4C8589709D3}.Release|iPhoneSimulator.ActiveCfg = Release|Any CPU
		{0CA7EE73-5453-4BEF-AE6B-A4C8589709D3}.Release|iPhoneSimulator.Build.0 = Release|Any CPU
		{E35F38C8-8E10-4F46-8AD6-0D595EA97998}.Ad-Hoc|Any CPU.ActiveCfg = Ad-Hoc|iPhoneSimulator
		{E35F38C8-8E10-4F46-8AD6-0D595EA97998}.Ad-Hoc|iPhone.ActiveCfg = Ad-Hoc|iPhone
		{E35F38C8-8E10-4F46-8AD6-0D595EA97998}.Ad-Hoc|iPhone.Build.0 = Ad-Hoc|iPhone
		{E35F38C8-8E10-4F46-8AD6-0D595EA97998}.Ad-Hoc|iPhoneSimulator.ActiveCfg = Ad-Hoc|iPhoneSimulator
		{E35F38C8-8E10-4F46-8AD6-0D595EA97998}.Ad-Hoc|iPhoneSimulator.Build.0 = Ad-Hoc|iPhoneSimulator
		{E35F38C8-8E10-4F46-8AD6-0D595EA97998}.AppStore|Any CPU.ActiveCfg = AppStore|iPhoneSimulator
		{E35F38C8-8E10-4F46-8AD6-0D595EA97998}.AppStore|iPhone.ActiveCfg = AppStore|iPhone
		{E35F38C8-8E10-4F46-8AD6-0D595EA97998}.AppStore|iPhone.Build.0 = AppStore|iPhone
		{E35F38C8-8E10-4F46-8AD6-0D595EA97998}.AppStore|iPhoneSimulator.ActiveCfg = AppStore|iPhoneSimulator
		{E35F38C8-8E10-4F46-8AD6-0D595EA97998}.AppStore|iPhoneSimulator.Build.0 = AppStore|iPhoneSimulator
		{E35F38C8-8E10-4F46-8AD6-0D595EA97998}.Debug|Any CPU.ActiveCfg = Debug|iPhoneSimulator
		{E35F38C8-8E10-4F46-8AD6-0D595EA97998}.Debug|iPhone.ActiveCfg = Debug|iPhone
		{E35F38C8-8E10-4F46-8AD6-0D595EA97998}.Debug|iPhone.Build.0 = Debug|iPhone
		{E35F38C8-8E10-4F46-8AD6-0D595EA97998}.Debug|iPhoneSimulator.ActiveCfg = Debug|iPhoneSimulator
		{E35F38C8-8E10-4F46-8AD6-0D595EA97998}.Debug|iPhoneSimulator.Build.0 = Debug|iPhoneSimulator
		{E35F38C8-8E10-4F46-8AD6-0D595EA97998}.Release|Any CPU.ActiveCfg = Release|iPhoneSimulator
		{E35F38C8-8E10-4F46-8AD6-0D595EA97998}.Release|iPhone.ActiveCfg = Release|iPhone
		{E35F38C8-8E10-4F46-8AD6-0D595EA97998}.Release|iPhone.Build.0 = Release|iPhone
		{E35F38C8-8E10-4F46-8AD6-0D595EA97998}.Release|iPhoneSimulator.ActiveCfg = Release|iPhoneSimulator
		{E35F38C8-8E10-4F46-8AD6-0D595EA97998}.Release|iPhoneSimulator.Build.0 = Release|iPhoneSimulator
	EndGlobalSection
	GlobalSection(SolutionProperties) = preSolution
		HideSolutionNode = FALSE
	EndGlobalSection
	GlobalSection(ExtensibilityGlobals) = postSolution
		SolutionGuid = {7AABCFF3-D08E-477F-BB14-3790C4FBA6B7}
	EndGlobalSection
EndGlobal
